Microsoft Visual Studio Solution File, Format Version 12.00
# Visual Studio Version 17
VisualStudioVersion = 17.5.2.0
MinimumVisualStudioVersion = 10.0.40219.1
Project("{FAE04EC0-301F-11D3-BF4B-00C04F79EFBC}") = "ChronoRecorder", "ChronoRecorder.csproj", "{B9BAF81A-EEB2-757A-63FE-FBBD139D6E3C}"
EndProject
Global
	GlobalSection(SolutionConfigurationPlatforms) = preSolution
		Debug|Any CPU = Debug|Any CPU
		Release|Any CPU = Release|Any CPU
	EndGlobalSection
	GlobalSection(ProjectConfigurationPlatforms) = postSolution
		{B9BAF81A-EEB2-757A-63FE-FBBD139D6E3C}.Debug|Any CPU.ActiveCfg = Debug|Any CPU
		{B9BAF81A-EEB2-757A-63FE-FBBD139D6E3C}.Debug|Any CPU.Build.0 = Debug|Any CPU
		{B9BAF81A-EEB2-757A-63FE-FBBD139D6E3C}.Release|Any CPU.ActiveCfg = Release|Any CPU
		{B9BAF81A-EEB2-757A-63FE-FBBD139D6E3C}.Release|Any CPU.Build.0 = Release|Any CPU
	EndGlobalSection
	GlobalSection(SolutionProperties) = preSolution
		HideSolutionNode = FALSE
	EndGlobalSection
	GlobalSection(ExtensibilityGlobals) = postSolution
		SolutionGuid = {A14A0126-286D-40C3-8AC4-F8CFB21BB50F}
	EndGlobalSection
EndGlobal
